{
  "originHash" : "739fb46bd222ce4aac1d4511be4765feb7d83034416229add9317f3e21b966ba",
  "pins" : [
    {
      "identity" : "swiftcompartido",
      "kind" : "remoteSourceControl",
      "location" : "https://github.com/intrusive-memory/SwiftCompartido.git",
      "state" : {
        "branch" : "main",
        "revision" : "c96b98c27b387728fbb97235b7ccb00b705abc9c"
      }
    },
    {
      "identity" : "swiftfijos",
      "kind" : "remoteSourceControl",
      "location" : "https://github.com/intrusive-memory/SwiftFijos.git",
      "state" : {
        "revision" : "cd3897d48eefddd27cd0fbedf066268fb59c3b38",
        "version" : "1.0.1"
      }
    },
    {
      "identity" : "textbundle",
      "kind" : "remoteSourceControl",
      "location" : "https://github.com/mcritz/TextBundle.git",
      "state" : {
        "revision" : "6fd4f918150abb7c2f1bbd0cc02ebf5d5b51a1a4",
        "version" : "1.0.7"
      }
    },
    {
      "identity" : "zipfoundation",
      "kind" : "remoteSourceControl",
      "location" : "https://github.com/weichsel/ZIPFoundation",
      "state" : {
        "revision" : "22787ffb59de99e5dc1fbfe80b19c97a904ad48d",
        "version" : "0.9.20"
      }
    }
  ],
  "version" : 3
}
