{
  "originHash" : "5a31f26f046e137d7cf1615d6c03ffd8ff55d28ffdbc97e6801fb347e7c86beb",
  "pins" : [
    {
      "identity" : "swiftcompartido",
      "kind" : "remoteSourceControl",
      "location" : "https://github.com/intrusive-memory/SwiftCompartido.git",
      "state" : {
        "branch" : "main",
        "revision" : "09cae0399f64f37bc1259cfe2c3091f2e5aa0df9"
      }
    },
    {
      "identity" : "swiftfijos",
      "kind" : "remoteSourceControl",
      "location" : "https://github.com/intrusive-memory/SwiftFijos.git",
      "state" : {
        "branch" : "main",
        "revision" : "a7b081d5cdd1f8e590492a0cb5eeb160dcadd053"
      }
    },
    {
      "identity" : "textbundle",
      "kind" : "remoteSourceControl",
      "location" : "https://github.com/mcritz/TextBundle.git",
      "state" : {
        "revision" : "6fd4f918150abb7c2f1bbd0cc02ebf5d5b51a1a4",
        "version" : "1.0.7"
      }
    },
    {
      "identity" : "zipfoundation",
      "kind" : "remoteSourceControl",
      "location" : "https://github.com/weichsel/ZIPFoundation",
      "state" : {
        "revision" : "22787ffb59de99e5dc1fbfe80b19c97a904ad48d",
        "version" : "0.9.20"
      }
    }
  ],
  "version" : 3
}
