{
  "originHash" : "949a2a042e6c5f50a815cb3ac7c20acb026e3e2dcf2fe6abfee6b37c708c4f4d",
  "pins" : [
    {
      "identity" : "swift-cmark",
      "kind" : "remoteSourceControl",
      "location" : "https://github.com/swiftlang/swift-cmark.git",
      "state" : {
        "branch" : "gfm",
        "revision" : "924936d0427cb25a61169739a7660230bffa6ea6"
      }
    },
    {
      "identity" : "swift-markdown",
      "kind" : "remoteSourceControl",
      "location" : "https://github.com/swiftlang/swift-markdown.git",
      "state" : {
        "branch" : "main",
        "revision" : "f7a559ec0d1f4a6a31b82187b5cdf97c632f68f6"
      }
    },
    {
      "identity" : "swiftcompartido",
      "kind" : "remoteSourceControl",
      "location" : "https://github.com/intrusive-memory/SwiftCompartido.git",
      "state" : {
        "branch" : "main",
        "revision" : "3777ec86b145ba3d7c922229a87d1506767ff8e2"
      }
    },
    {
      "identity" : "swiftfijos",
      "kind" : "remoteSourceControl",
      "location" : "https://github.com/intrusive-memory/SwiftFijos.git",
      "state" : {
        "branch" : "main",
        "revision" : "a7b081d5cdd1f8e590492a0cb5eeb160dcadd053"
      }
    },
    {
      "identity" : "textbundle",
      "kind" : "remoteSourceControl",
      "location" : "https://github.com/mcritz/TextBundle.git",
      "state" : {
        "revision" : "6fd4f918150abb7c2f1bbd0cc02ebf5d5b51a1a4",
        "version" : "1.0.7"
      }
    },
    {
      "identity" : "zipfoundation",
      "kind" : "remoteSourceControl",
      "location" : "https://github.com/weichsel/ZIPFoundation",
      "state" : {
        "revision" : "22787ffb59de99e5dc1fbfe80b19c97a904ad48d",
        "version" : "0.9.20"
      }
    }
  ],
  "version" : 3
}
